// !$*UTF8*$!
{
	archiveVersion = 1;
	classes = {
	};
	objectVersion = 56;
	objects = {

/* Begin PBXBuildFile section */
		EB4F64FC29A90561001DDBE2 /* CaptionOption.swift in Sources */ = {isa = PBXBuildFile; fileRef = EB4F64FB29A90561001DDBE2 /* CaptionOption.swift */; };
		EB53314429A7B08D00EB428C /* AppDelegate.swift in Sources */ = {isa = PBXBuildFile; fileRef = EB53314329A7B08D00EB428C /* AppDelegate.swift */; };
		EB53314629A7B08D00EB428C /* SceneDelegate.swift in Sources */ = {isa = PBXBuildFile; fileRef = EB53314529A7B08D00EB428C /* SceneDelegate.swift */; };
		EB53314829A7B08D00EB428C /* ViewController.swift in Sources */ = {isa = PBXBuildFile; fileRef = EB53314729A7B08D00EB428C /* ViewController.swift */; };
		EB53314B29A7B08E00EB428C /* Main.storyboard in Resources */ = {isa = PBXBuildFile; fileRef = EB53314929A7B08E00EB428C /* Main.storyboard */; };
		EB53314D29A7B09100EB428C /* Assets.xcassets in Resources */ = {isa = PBXBuildFile; fileRef = EB53314C29A7B09100EB428C /* Assets.xcassets */; };
		EB53315029A7B09100EB428C /* LaunchScreen.storyboard in Resources */ = {isa = PBXBuildFile; fileRef = EB53314E29A7B09100EB428C /* LaunchScreen.storyboard */; };
/* End PBXBuildFile section */

/* Begin PBXFileReference section */
		EB4F64FB29A90561001DDBE2 /* CaptionOption.swift */ = {isa = PBXFileReference; lastKnownFileType = sourcecode.swift; path = CaptionOption.swift; sourceTree = "<group>"; };
		EB53314029A7B08D00EB428C /* MemeMaker23.app */ = {isa = PBXFileReference; explicitFileType = wrapper.application; includeInIndex = 0; path = MemeMaker23.app; sourceTree = BUILT_PRODUCTS_DIR; };
		EB53314329A7B08D00EB428C /* AppDelegate.swift */ = {isa = PBXFileReference; lastKnownFileType = sourcecode.swift; path = AppDelegate.swift; sourceTree = "<group>"; };
		EB53314529A7B08D00EB428C /* SceneDelegate.swift */ = {isa = PBXFileReference; lastKnownFileType = sourcecode.swift; path = SceneDelegate.swift; sourceTree = "<group>"; };
		EB53314729A7B08D00EB428C /* ViewController.swift */ = {isa = PBXFileReference; lastKnownFileType = sourcecode.swift; path = ViewController.swift; sourceTree = "<group>"; };
		EB53314A29A7B08E00EB428C /* Base */ = {isa = PBXFileReference; lastKnownFileType = file.storyboard; name = Base; path = Base.lproj/Main.storyboard; sourceTree = "<group>"; };
		EB53314C29A7B09100EB428C /* Assets.xcassets */ = {isa = PBXFileReference; lastKnownFileType = folder.assetcatalog; path = Assets.xcassets; sourceTree = "<group>"; };
		EB53314F29A7B09100EB428C /* Base */ = {isa = PBXFileReference; lastKnownFileType = file.storyboard; name = Base; path = Base.lproj/LaunchScreen.storyboard; sourceTree = "<group>"; };
		EB53315129A7B09100EB428C /* Info.plist */ = {isa = PBXFileReference; lastKnownFileType = text.plist.xml; path = Info.plist; sourceTree = "<group>"; };
		EB53315729A7B1CD00EB428C /* README.md */ = {isa = PBXFileReference; lastKnownFileType = net.daringfireball.markdown; path = README.md; sourceTree = "<group>"; };
		EB53315829A7B27600EB428C /* MemeMaker Phrases.rtf */ = {isa = PBXFileReference; lastKnownFileType = text.rtf; path = "MemeMaker Phrases.rtf"; sourceTree = "<group>"; };
/* End PBXFileReference section */

/* Begin PBXFrameworksBuildPhase section */
		EB53313D29A7B08D00EB428C /* Frameworks */ = {
			isa = PBXFrameworksBuildPhase;
			buildActionMask = 2147483647;
			files = (
			);
			runOnlyForDeploymentPostprocessing = 0;
		};
/* End PBXFrameworksBuildPhase section */

/* Begin PBXGroup section */
		EB53313729A7B08D00EB428C = {
			isa = PBXGroup;
			children = (
				EB53315829A7B27600EB428C /* MemeMaker Phrases.rtf */,
				EB53315729A7B1CD00EB428C /* README.md */,
				EB53314229A7B08D00EB428C /* MemeMaker23 */,
				EB53314129A7B08D00EB428C /* Products */,
			);
			sourceTree = "<group>";
		};
		EB53314129A7B08D00EB428C /* Products */ = {
			isa = PBXGroup;
			children = (
				EB53314029A7B08D00EB428C /* MemeMaker23.app */,
			);
			name = Products;
			sourceTree = "<group>";
		};
		EB53314229A7B08D00EB428C /* MemeMaker23 */ = {
			isa = PBXGroup;
			children = (
				EB53314329A7B08D00EB428C /* AppDelegate.swift */,
				EB53314529A7B08D00EB428C /* SceneDelegate.swift */,
				EB4F64FB29A90561001DDBE2 /* CaptionOption.swift */,
				EB53314729A7B08D00EB428C /* ViewController.swift */,
				EB53314929A7B08E00EB428C /* Main.storyboard */,
				EB53314C29A7B09100EB428C /* Assets.xcassets */,
				EB53314E29A7B09100EB428C /* LaunchScreen.storyboard */,
				EB53315129A7B09100EB428C /* Info.plist */,
			);
			path = MemeMaker23;
			sourceTree = "<group>";
		};
/* End PBXGroup section */

/* Begin PBXNativeTarget section */
		EB53313F29A7B08D00EB428C /* MemeMaker23 */ = {
			isa = PBXNativeTarget;
			buildConfigurationList = EB53315429A7B09100EB428C /* Build configuration list for PBXNativeTarget "MemeMaker23" */;
			buildPhases = (
				EB53313C29A7B08D00EB428C /* Sources */,
				EB53313D29A7B08D00EB428C /* Frameworks */,
				EB53313E29A7B08D00EB428C /* Resources */,
			);
			buildRules = (
			);
			dependencies = (
			);
			name = MemeMaker23;
			productName = MemeMaker23;
			productReference = EB53314029A7B08D00EB428C /* MemeMaker23.app */;
			productType = "com.apple.product-type.application";
		};
/* End PBXNativeTarget section */

/* Begin PBXProject section */
		EB53313829A7B08D00EB428C /* Project object */ = {
			isa = PBXProject;
			attributes = {
				BuildIndependentTargetsInParallel = 1;
				LastSwiftUpdateCheck = 1420;
				LastUpgradeCheck = 1420;
				TargetAttributes = {
					EB53313F29A7B08D00EB428C = {
						CreatedOnToolsVersion = 14.2;
					};
				};
			};
			buildConfigurationList = EB53313B29A7B08D00EB428C /* Build configuration list for PBXProject "MemeMaker23" */;
			compatibilityVersion = "Xcode 14.0";
			developmentRegion = en;
			hasScannedForEncodings = 0;
			knownRegions = (
				en,
				Base,
			);
			mainGroup = EB53313729A7B08D00EB428C;
			productRefGroup = EB53314129A7B08D00EB428C /* Products */;
			projectDirPath = "";
			projectRoot = "";
			targets = (
				EB53313F29A7B08D00EB428C /* MemeMaker23 */,
			);
		};
/* End PBXProject section */

/* Begin PBXResourcesBuildPhase section */
		EB53313E29A7B08D00EB428C /* Resources */ = {
			isa = PBXResourcesBuildPhase;
			buildActionMask = 2147483647;
			files = (
				EB53315029A7B09100EB428C /* LaunchScreen.storyboard in Resources */,
				EB53314D29A7B09100EB428C /* Assets.xcassets in Resources */,
				EB53314B29A7B08E00EB428C /* Main.storyboard in Resources */,
			);
			runOnlyForDeploymentPostprocessing = 0;
		};
/* End PBXResourcesBuildPhase section */

/* Begin PBXSourcesBuildPhase section */
		EB53313C29A7B08D00EB428C /* Sources */ = {
			isa = PBXSourcesBuildPhase;
			buildActionMask = 2147483647;
			files = (
				EB53314829A7B08D00EB428C /* ViewController.swift in Sources */,
				EB4F64FC29A90561001DDBE2 /* CaptionOption.swift in Sources */,
				EB53314429A7B08D00EB428C /* AppDelegate.swift in Sources */,
				EB53314629A7B08D00EB428C /* SceneDelegate.swift in Sources */,
			);
			runOnlyForDeploymentPostprocessing = 0;
		};
/* End PBXSourcesBuildPhase section */

/* Begin PBXVariantGroup section */
		EB53314929A7B08E00EB428C /* Main.storyboard */ = {
			isa = PBXVariantGroup;
			children = (
				EB53314A29A7B08E00EB428C /* Base */,
			);
			name = Main.storyboard;
			sourceTree = "<group>";
		};
		EB53314E29A7B09100EB428C /* LaunchScreen.storyboard */ = {
			isa = PBXVariantGroup;
			children = (
				EB53314F29A7B09100EB428C /* Base */,
			);
			name = LaunchScreen.storyboard;
			sourceTree = "<group>";
		};
/* End PBXVariantGroup section */

/* Begin XCBuildConfiguration section */
		EB53315229A7B09100EB428C /* Debug */ = {
			isa = XCBuildConfiguration;
			buildSettings = {
				ALWAYS_SEARCH_USER_PATHS = NO;
				CLANG_ANALYZER_NONNULL = YES;
				CLANG_ANALYZER_NUMBER_OBJECT_CONVERSION = YES_AGGRESSIVE;
				CLANG_CXX_LANGUAGE_STANDARD = "gnu++20";
				CLANG_ENABLE_MODULES = YES;
				CLANG_ENABLE_OBJC_ARC = YES;
				CLANG_ENABLE_OBJC_WEAK = YES;
				CLANG_WARN_BLOCK_CAPTURE_AUTORELEASING = YES;
				CLANG_WARN_BOOL_CONVERSION = YES;
				CLANG_WARN_COMMA = YES;
				CLANG_WARN_CONSTANT_CONVERSION = YES;
				CLANG_WARN_DEPRECATED_OBJC_IMPLEMENTATIONS = YES;
				CLANG_WARN_DIRECT_OBJC_ISA_USAGE = YES_ERROR;
				CLANG_WARN_DOCUMENTATION_COMMENTS = YES;
				CLANG_WARN_EMPTY_BODY = YES;
				CLANG_WARN_ENUM_CONVERSION = YES;
				CLANG_WARN_INFINITE_RECURSION = YES;
				CLANG_WARN_INT_CONVERSION = YES;
				CLANG_WARN_NON_LITERAL_NULL_CONVERSION = YES;
				CLANG_WARN_OBJC_IMPLICIT_RETAIN_SELF = YES;
				CLANG_WARN_OBJC_LITERAL_CONVERSION = YES;
				CLANG_WARN_OBJC_ROOT_CLASS = YES_ERROR;
				CLANG_WARN_QUOTED_INCLUDE_IN_FRAMEWORK_HEADER = YES;
				CLANG_WARN_RANGE_LOOP_ANALYSIS = YES;
				CLANG_WARN_STRICT_PROTOTYPES = YES;
				CLANG_WARN_SUSPICIOUS_MOVE = YES;
				CLANG_WARN_UNGUARDED_AVAILABILITY = YES_AGGRESSIVE;
				CLANG_WARN_UNREACHABLE_CODE = YES;
				CLANG_WARN__DUPLICATE_METHOD_MATCH = YES;
				COPY_PHASE_STRIP = NO;
				DEBUG_INFORMATION_FORMAT = dwarf;
				ENABLE_STRICT_OBJC_MSGSEND = YES;
				ENABLE_TESTABILITY = YES;
				GCC_C_LANGUAGE_STANDARD = gnu11;
				GCC_DYNAMIC_NO_PIC = NO;
				GCC_NO_COMMON_BLOCKS = YES;
				GCC_OPTIMIZATION_LEVEL = 0;
				GCC_PREPROCESSOR_DEFINITIONS = (
					"DEBUG=1",
					"$(inherited)",
				);
				GCC_WARN_64_TO_32_BIT_CONVERSION = YES;
				GCC_WARN_ABOUT_RETURN_TYPE = YES_ERROR;
				GCC_WARN_UNDECLARED_SELECTOR = YES;
				GCC_WARN_UNINITIALIZED_AUTOS = YES_AGGRESSIVE;
				GCC_WARN_UNUSED_FUNCTION = YES;
				GCC_WARN_UNUSED_VARIABLE = YES;
				IPHONEOS_DEPLOYMENT_TARGET = 16.2;
				MTL_ENABLE_DEBUG_INFO = INCLUDE_SOURCE;
				MTL_FAST_MATH = YES;
				ONLY_ACTIVE_ARCH = YES;
				SDKROOT = iphoneos;
				SWIFT_ACTIVE_COMPILATION_CONDITIONS = DEBUG;
				SWIFT_OPTIMIZATION_LEVEL = "-Onone";
			};
			name = Debug;
		};
		EB53315329A7B09100EB428C /* Release */ = {
			isa = XCBuildConfiguration;
			buildSettings = {
				ALWAYS_SEARCH_USER_PATHS = NO;
				CLANG_ANALYZER_NONNULL = YES;
				CLANG_ANALYZER_NUMBER_OBJECT_CONVERSION = YES_AGGRESSIVE;
				CLANG_CXX_LANGUAGE_STANDARD = "gnu++20";
				CLANG_ENABLE_MODULES = YES;
				CLANG_ENABLE_OBJC_ARC = YES;
				CLANG_ENABLE_OBJC_WEAK = YES;
				CLANG_WARN_BLOCK_CAPTURE_AUTORELEASING = YES;
				CLANG_WARN_BOOL_CONVERSION = YES;
				CLANG_WARN_COMMA = YES;
				CLANG_WARN_CONSTANT_CONVERSION = YES;
				CLANG_WARN_DEPRECATED_OBJC_IMPLEMENTATIONS = YES;
				CLANG_WARN_DIRECT_OBJC_ISA_USAGE = YES_ERROR;
				CLANG_WARN_DOCUMENTATION_COMMENTS = YES;
				CLANG_WARN_EMPTY_BODY = YES;
				CLANG_WARN_ENUM_CONVERSION = YES;
				CLANG_WARN_INFINITE_RECURSION = YES;
				CLANG_WARN_INT_CONVERSION = YES;
				CLANG_WARN_NON_LITERAL_NULL_CONVERSION = YES;
				CLANG_WARN_OBJC_IMPLICIT_RETAIN_SELF = YES;
				CLANG_WARN_OBJC_LITERAL_CONVERSION = YES;
				CLANG_WARN_OBJC_ROOT_CLASS = YES_ERROR;
				CLANG_WARN_QUOTED_INCLUDE_IN_FRAMEWORK_HEADER = YES;
				CLANG_WARN_RANGE_LOOP_ANALYSIS = YES;
				CLANG_WARN_STRICT_PROTOTYPES = YES;
				CLANG_WARN_SUSPICIOUS_MOVE = YES;
				CLANG_WARN_UNGUARDED_AVAILABILITY = YES_AGGRESSIVE;
				CLANG_WARN_UNREACHABLE_CODE = YES;
				CLANG_WARN__DUPLICATE_METHOD_MATCH = YES;
				COPY_PHASE_STRIP = NO;
				DEBUG_INFORMATION_FORMAT = "dwarf-with-dsym";
				ENABLE_NS_ASSERTIONS = NO;
				ENABLE_STRICT_OBJC_MSGSEND = YES;
				GCC_C_LANGUAGE_STANDARD = gnu11;
				GCC_NO_COMMON_BLOCKS = YES;
				GCC_WARN_64_TO_32_BIT_CONVERSION = YES;
				GCC_WARN_ABOUT_RETURN_TYPE = YES_ERROR;
				GCC_WARN_UNDECLARED_SELECTOR = YES;
				GCC_WARN_UNINITIALIZED_AUTOS = YES_AGGRESSIVE;
				GCC_WARN_UNUSED_FUNCTION = YES;
				GCC_WARN_UNUSED_VARIABLE = YES;
				IPHONEOS_DEPLOYMENT_TARGET = 16.2;
				MTL_ENABLE_DEBUG_INFO = NO;
				MTL_FAST_MATH = YES;
				SDKROOT = iphoneos;
				SWIFT_COMPILATION_MODE = wholemodule;
				SWIFT_OPTIMIZATION_LEVEL = "-O";
				VALIDATE_PRODUCT = YES;
			};
			name = Release;
		};
		EB53315529A7B09100EB428C /* Debug */ = {
			isa = XCBuildConfiguration;
			buildSettings = {
				ASSETCATALOG_COMPILER_APPICON_NAME = AppIcon;
				ASSETCATALOG_COMPILER_GLOBAL_ACCENT_COLOR_NAME = AccentColor;
				CODE_SIGN_STYLE = Automatic;
				CURRENT_PROJECT_VERSION = 1;
				DEVELOPMENT_TEAM = UG5BZ46HRW;
				GENERATE_INFOPLIST_FILE = YES;
				INFOPLIST_FILE = MemeMaker23/Info.plist;
				INFOPLIST_KEY_UIApplicationSupportsIndirectInputEvents = YES;
				INFOPLIST_KEY_UILaunchStoryboardName = LaunchScreen;
				INFOPLIST_KEY_UIMainStoryboardFile = Main;
				INFOPLIST_KEY_UISupportedInterfaceOrientations = UIInterfaceOrientationPortrait;
				INFOPLIST_KEY_UISupportedInterfaceOrientations_iPad = "UIInterfaceOrientationPortrait UIInterfaceOrientationPortraitUpsideDown";
				LD_RUNPATH_SEARCH_PATHS = (
					"$(inherited)",
					"@executable_path/Frameworks",
				);
				MARKETING_VERSION = 1.0;
				PRODUCT_BUNDLE_IDENTIFIER = com.fouttyappdevelopment.MemeMaker23;
				PRODUCT_NAME = "$(TARGET_NAME)";
				SWIFT_EMIT_LOC_STRINGS = YES;
				SWIFT_VERSION = 5.0;
				TARGETED_DEVICE_FAMILY = "1,2";
			};
			name = Debug;
		};
		EB53315629A7B09100EB428C /* Release */ = {
			isa = XCBuildConfiguration;
			buildSettings = {
				ASSETCATALOG_COMPILER_APPICON_NAME = AppIcon;
				ASSETCATALOG_COMPILER_GLOBAL_ACCENT_COLOR_NAME = AccentColor;
				CODE_SIGN_STYLE = Automatic;
				CURRENT_PROJECT_VERSION = 1;
				DEVELOPMENT_TEAM = UG5BZ46HRW;
				GENERATE_INFOPLIST_FILE = YES;
				INFOPLIST_FILE = MemeMaker23/Info.plist;
				INFOPLIST_KEY_UIApplicationSupportsIndirectInputEvents = YES;
				INFOPLIST_KEY_UILaunchStoryboardName = LaunchScreen;
				INFOPLIST_KEY_UIMainStoryboardFile = Main;
				INFOPLIST_KEY_UISupportedInterfaceOrientations = UIInterfaceOrientationPortrait;
				INFOPLIST_KEY_UISupportedInterfaceOrientations_iPad = "UIInterfaceOrientationPortrait UIInterfaceOrientationPortraitUpsideDown";
				LD_RUNPATH_SEARCH_PATHS = (
					"$(inherited)",
					"@executable_path/Frameworks",
				);
				MARKETING_VERSION = 1.0;
				PRODUCT_BUNDLE_IDENTIFIER = com.fouttyappdevelopment.MemeMaker23;
				PRODUCT_NAME = "$(TARGET_NAME)";
				SWIFT_EMIT_LOC_STRINGS = YES;
				SWIFT_VERSION = 5.0;
				TARGETED_DEVICE_FAMILY = "1,2";
			};
			name = Release;
		};
/* End XCBuildConfiguration section */

/* Begin XCConfigurationList section */
		EB53313B29A7B08D00EB428C /* Build configuration list for PBXProject "MemeMaker23" */ = {
			isa = XCConfigurationList;
			buildConfigurations = (
				EB53315229A7B09100EB428C /* Debug */,
				EB53315329A7B09100EB428C /* Release */,
			);
			defaultConfigurationIsVisible = 0;
			defaultConfigurationName = Release;
		};
		EB53315429A7B09100EB428C /* Build configuration list for PBXNativeTarget "MemeMaker23" */ = {
			isa = XCConfigurationList;
			buildConfigurations = (
				EB53315529A7B09100EB428C /* Debug */,
				EB53315629A7B09100EB428C /* Release */,
			);
			defaultConfigurationIsVisible = 0;
			defaultConfigurationName = Release;
		};
/* End XCConfigurationList section */
	};
	rootObject = EB53313829A7B08D00EB428C /* Project object */;
}
